
Microsoft Visual Studio Solution File, Format Version 12.00
# Visual Studio Version 16
VisualStudioVersion = 16.0.32630.194
MinimumVisualStudioVersion = 10.0.40219.1
Project("{FAE04EC0-301F-11D3-BF4B-00C04F79EFBC}") = "movie_Ecommerce_App", "movie_Ecommerce_App.csproj", "{B62D2907-D3E4-42CB-BDE2-F0D2C5B7CCD9}"
EndProject
Global
	GlobalSection(SolutionConfigurationPlatforms) = preSolution
		Debug|Any CPU = Debug|Any CPU
		Release|Any CPU = Release|Any CPU
	EndGlobalSection
	GlobalSection(ProjectConfigurationPlatforms) = postSolution
		{B62D2907-D3E4-42CB-BDE2-F0D2C5B7CCD9}.Debug|Any CPU.ActiveCfg = Debug|Any CPU
		{B62D2907-D3E4-42CB-BDE2-F0D2C5B7CCD9}.Debug|Any CPU.Build.0 = Debug|Any CPU
		{B62D2907-D3E4-42CB-BDE2-F0D2C5B7CCD9}.Release|Any CPU.ActiveCfg = Release|Any CPU
		{B62D2907-D3E4-42CB-BDE2-F0D2C5B7CCD9}.Release|Any CPU.Build.0 = Release|Any CPU
	EndGlobalSection
	GlobalSection(SolutionProperties) = preSolution
		HideSolutionNode = FALSE
	EndGlobalSection
	GlobalSection(ExtensibilityGlobals) = postSolution
		SolutionGuid = {28CAECD8-A695-4EE9-A197-02CA00E06B62}
	EndGlobalSection
EndGlobal
